// !$*UTF8*$!
{
	archiveVersion = 1;
	classes = {
	};
	objectVersion = 51;
	objects = {

/* Begin PBXBuildFile section */
		337EFB9C3C694708255C81B2 /* Pods_holyland_ios.framework in Frameworks */ = {isa = PBXBuildFile; fileRef = 34BF094B9F9FFAF4DC721709 /* Pods_holyland_ios.framework */; };
		3A42C8F726817BFC0075AAEE /* .swiftlint.yml in Resources */ = {isa = PBXBuildFile; fileRef = 3A42C8F626817BFC0075AAEE /* .swiftlint.yml */; };
		3A53D37B2665F79E00A570C1 /* AppDelegate.swift in Sources */ = {isa = PBXBuildFile; fileRef = 3A53D37A2665F79E00A570C1 /* AppDelegate.swift */; };
		3A53D37F2665F79E00A570C1 /* MainViewController.swift in Sources */ = {isa = PBXBuildFile; fileRef = 3A53D37E2665F79E00A570C1 /* MainViewController.swift */; };
		3A60766526981FBC00435C86 /* GoldKeyViewModel.swift in Sources */ = {isa = PBXBuildFile; fileRef = 3A60766426981FBC00435C86 /* GoldKeyViewModel.swift */; };
		3A666F68269423730069262B /* VideoCollectionViewCell.swift in Sources */ = {isa = PBXBuildFile; fileRef = 3A666F67269423730069262B /* VideoCollectionViewCell.swift */; };
		3A666F6A269425DD0069262B /* VideoListViewModel.swift in Sources */ = {isa = PBXBuildFile; fileRef = 3A666F69269425DD0069262B /* VideoListViewModel.swift */; };
		3A666F6C26944BFB0069262B /* MainView.swift in Sources */ = {isa = PBXBuildFile; fileRef = 3A666F6B26944BFB0069262B /* MainView.swift */; };
		3A7C46DE2682C7BE002AD73C /* MainCoordinator.swift in Sources */ = {isa = PBXBuildFile; fileRef = 3A7C46DD2682C7BE002AD73C /* MainCoordinator.swift */; };
		3A7CAA38266EDFDE0048E41F /* Fonts+Generated.swift in Sources */ = {isa = PBXBuildFile; fileRef = 3A7CAA36266EDFDE0048E41F /* Fonts+Generated.swift */; };
		3A7CAA39266EDFDE0048E41F /* XCAssets+Generated.swift in Sources */ = {isa = PBXBuildFile; fileRef = 3A7CAA37266EDFDE0048E41F /* XCAssets+Generated.swift */; };
		3A866D4C268EADC700778BBF /* MyPageCoordinator.swift in Sources */ = {isa = PBXBuildFile; fileRef = 3A866D4B268EADC700778BBF /* MyPageCoordinator.swift */; };
		3A866D52268EB5A300778BBF /* QRPageCoordinator.swift in Sources */ = {isa = PBXBuildFile; fileRef = 3A866D51268EB5A300778BBF /* QRPageCoordinator.swift */; };
		3A866D54268EB5EA00778BBF /* QRPageViewController.swift in Sources */ = {isa = PBXBuildFile; fileRef = 3A866D53268EB5EA00778BBF /* QRPageViewController.swift */; };
		3A866D56268ECDDE00778BBF /* QRPageViewModel.swift in Sources */ = {isa = PBXBuildFile; fileRef = 3A866D55268ECDDE00778BBF /* QRPageViewModel.swift */; };
		3A866D58268F021200778BBF /* MyPageViewModel.swift in Sources */ = {isa = PBXBuildFile; fileRef = 3A866D57268F021200778BBF /* MyPageViewModel.swift */; };
		3A8A1DA52676E1EA003E4B99 /* NetworkStatus.swift in Sources */ = {isa = PBXBuildFile; fileRef = 3A8A1DA42676E1EA003E4B99 /* NetworkStatus.swift */; };
		3A8A1DA82676E5FE003E4B99 /* AlertType.swift in Sources */ = {isa = PBXBuildFile; fileRef = 3A8A1DA72676E5FE003E4B99 /* AlertType.swift */; };
		3A8A1DAA2676E77A003E4B99 /* AlertView.swift in Sources */ = {isa = PBXBuildFile; fileRef = 3A8A1DA92676E77A003E4B99 /* AlertView.swift */; };
		3A8A1DAC2676F2E6003E4B99 /* ForgetAlertView.swift in Sources */ = {isa = PBXBuildFile; fileRef = 3A8A1DAB2676F2E6003E4B99 /* ForgetAlertView.swift */; };
		3A8A1DAE2676F59C003E4B99 /* OkayCancelAlertView.swift in Sources */ = {isa = PBXBuildFile; fileRef = 3A8A1DAD2676F59C003E4B99 /* OkayCancelAlertView.swift */; };
		3A8A1DB02676F5FE003E4B99 /* OneTitleAlertView.swift in Sources */ = {isa = PBXBuildFile; fileRef = 3A8A1DAF2676F5FE003E4B99 /* OneTitleAlertView.swift */; };
		3A8A1DB22676F66A003E4B99 /* VideoAttendanceAlertView.swift in Sources */ = {isa = PBXBuildFile; fileRef = 3A8A1DB12676F66A003E4B99 /* VideoAttendanceAlertView.swift */; };
		3A8A1DB62676FA83003E4B99 /* TitleMessageAlertView.swift in Sources */ = {isa = PBXBuildFile; fileRef = 3A8A1DB52676FA83003E4B99 /* TitleMessageAlertView.swift */; };
		3A8A1DB82676FAAF003E4B99 /* ChildQRCodeAlertView.swift in Sources */ = {isa = PBXBuildFile; fileRef = 3A8A1DB72676FAAF003E4B99 /* ChildQRCodeAlertView.swift */; };
		3A8A1DBB26770816003E4B99 /* ToastView.swift in Sources */ = {isa = PBXBuildFile; fileRef = 3A8A1DBA26770816003E4B99 /* ToastView.swift */; };
		3A8A1DBD267710CE003E4B99 /* UserLevelUpToastView.swift in Sources */ = {isa = PBXBuildFile; fileRef = 3A8A1DBC267710CE003E4B99 /* UserLevelUpToastView.swift */; };
		3A8A1DBF267710F3003E4B99 /* FullScreenToastView.swift in Sources */ = {isa = PBXBuildFile; fileRef = 3A8A1DBE267710F3003E4B99 /* FullScreenToastView.swift */; };
		3A8A1DC126771929003E4B99 /* Date+.swift in Sources */ = {isa = PBXBuildFile; fileRef = 3A8A1DC026771929003E4B99 /* Date+.swift */; };
		3A8A1DC32677215B003E4B99 /* VideoInformation.swift in Sources */ = {isa = PBXBuildFile; fileRef = 3A8A1DC22677215B003E4B99 /* VideoInformation.swift */; };
		3A8A1DC72677227D003E4B99 /* Worship.swift in Sources */ = {isa = PBXBuildFile; fileRef = 3A8A1DC62677227D003E4B99 /* Worship.swift */; };
		3A92D5E526967BEC00B36C06 /* GoldKeyRepository.swift in Sources */ = {isa = PBXBuildFile; fileRef = 3A92D5E426967BEC00B36C06 /* GoldKeyRepository.swift */; };
		3A92D5E726967C4A00B36C06 /* GoldKeyResponse.swift in Sources */ = {isa = PBXBuildFile; fileRef = 3A92D5E626967C4A00B36C06 /* GoldKeyResponse.swift */; };
		3A92D5E926967D1A00B36C06 /* GoldKeyEntity.swift in Sources */ = {isa = PBXBuildFile; fileRef = 3A92D5E826967D1A00B36C06 /* GoldKeyEntity.swift */; };
		3A92D5EB269681A900B36C06 /* GoldKeyRepositoryImpl.swift in Sources */ = {isa = PBXBuildFile; fileRef = 3A92D5EA269681A900B36C06 /* GoldKeyRepositoryImpl.swift */; };
		3A92D5ED269681CC00B36C06 /* GoldKeyDataSource.swift in Sources */ = {isa = PBXBuildFile; fileRef = 3A92D5EC269681CC00B36C06 /* GoldKeyDataSource.swift */; };
		3A92D5EF2696980900B36C06 /* GoldKeyRouter.swift in Sources */ = {isa = PBXBuildFile; fileRef = 3A92D5EE2696980900B36C06 /* GoldKeyRouter.swift */; };
		3A92D5F126969A0000B36C06 /* GoldKeyNetworkService.swift in Sources */ = {isa = PBXBuildFile; fileRef = 3A92D5F026969A0000B36C06 /* GoldKeyNetworkService.swift */; };
		3A9CDDB2268DBB5600C302BC /* MyPageViewController.swift in Sources */ = {isa = PBXBuildFile; fileRef = 3A9CDDB1268DBB5600C302BC /* MyPageViewController.swift */; };
		3AAEF37D2672F50C0006E6FE /* swiftgen.yml in Resources */ = {isa = PBXBuildFile; fileRef = 3A89638A2665FDE20009E9D1 /* swiftgen.yml */; };
		3AAEF37E2672F5130006E6FE /* confettie_x3_1080_24f.gif in Resources */ = {isa = PBXBuildFile; fileRef = 3A53D3AB2665FB4D00A570C1 /* confettie_x3_1080_24f.gif */; };
		3AAEF37F2672F51F0006E6FE /* amen_sound.mp3 in Resources */ = {isa = PBXBuildFile; fileRef = 3A53D3AD2665FB4D00A570C1 /* amen_sound.mp3 */; };
		3AAEF3802672F51F0006E6FE /* Assets.xcassets in Resources */ = {isa = PBXBuildFile; fileRef = 3A53D3AE2665FB4D00A570C1 /* Assets.xcassets */; };
		3AAEF3812672F51F0006E6FE /* Color.xcassets in Resources */ = {isa = PBXBuildFile; fileRef = 3A53D3AC2665FB4D00A570C1 /* Color.xcassets */; };
		3AAEF3882672F56C0006E6FE /* JalnanOTF.otf in Resources */ = {isa = PBXBuildFile; fileRef = 3AAEF3832672F5680006E6FE /* JalnanOTF.otf */; };
		3AAEF3892672F56C0006E6FE /* SpoqaHanSansBold.ttf in Resources */ = {isa = PBXBuildFile; fileRef = 3AAEF3842672F56A0006E6FE /* SpoqaHanSansBold.ttf */; };
		3AAEF38A2672F56C0006E6FE /* SpoqaHanSansRegular.ttf in Resources */ = {isa = PBXBuildFile; fileRef = 3AAEF3852672F56B0006E6FE /* SpoqaHanSansRegular.ttf */; };
		3AAEF38B2672F56C0006E6FE /* NanumSquareRoundOTFEB.otf in Resources */ = {isa = PBXBuildFile; fileRef = 3AAEF3862672F56C0006E6FE /* NanumSquareRoundOTFEB.otf */; };
		3AAEF38C2672F56C0006E6FE /* NanumSquareRoundOTFB.otf in Resources */ = {isa = PBXBuildFile; fileRef = 3AAEF3872672F56C0006E6FE /* NanumSquareRoundOTFB.otf */; };
		3AAEF38E2672F5DA0006E6FE /* MainView+Extension.swift in Sources */ = {isa = PBXBuildFile; fileRef = 3AAEF38D2672F5DA0006E6FE /* MainView+Extension.swift */; };
		3AAEF3902672F7D30006E6FE /* UserProfileView.swift in Sources */ = {isa = PBXBuildFile; fileRef = 3AAEF38F2672F7D30006E6FE /* UserProfileView.swift */; };
		3AAEF3932672FD210006E6FE /* User+.swift in Sources */ = {isa = PBXBuildFile; fileRef = 3AAEF3922672FD210006E6FE /* User+.swift */; };
		3AAEF3972672FD7D0006E6FE /* Emotion.swift in Sources */ = {isa = PBXBuildFile; fileRef = 3AAEF3962672FD7D0006E6FE /* Emotion.swift */; };
		3AAEF3992672FE210006E6FE /* UIView+.swift in Sources */ = {isa = PBXBuildFile; fileRef = 3AAEF3982672FE210006E6FE /* UIView+.swift */; };
		3AAEF39E267302530006E6FE /* UIApplication+.swift in Sources */ = {isa = PBXBuildFile; fileRef = 3AAEF39D267302530006E6FE /* UIApplication+.swift */; };
		3AAEF3CE267305B10006E6FE /* VideoCollectionView.swift in Sources */ = {isa = PBXBuildFile; fileRef = 3AAEF3CD267305B10006E6FE /* VideoCollectionView.swift */; };
		3AAEF3D0267305BC0006E6FE /* VideoCollectionViewCell.xib in Resources */ = {isa = PBXBuildFile; fileRef = 3AAEF3CF267305BB0006E6FE /* VideoCollectionViewCell.xib */; };
		3AB13960267C2E5F0021BEC9 /* RoundedButton.swift in Sources */ = {isa = PBXBuildFile; fileRef = 3AB1395F267C2E5F0021BEC9 /* RoundedButton.swift */; };
		3AB13962267C2E980021BEC9 /* UITextField+.swift in Sources */ = {isa = PBXBuildFile; fileRef = 3AB13961267C2E980021BEC9 /* UITextField+.swift */; };
		3AB6E64D26954875000866C8 /* UserRepository.swift in Sources */ = {isa = PBXBuildFile; fileRef = 3AB6E64C26954875000866C8 /* UserRepository.swift */; };
		3AB6E65026954C09000866C8 /* Entity.swift in Sources */ = {isa = PBXBuildFile; fileRef = 3AB6E64F26954C09000866C8 /* Entity.swift */; };
		3AB6E65226954C3A000866C8 /* UserEntity.swift in Sources */ = {isa = PBXBuildFile; fileRef = 3AB6E65126954C3A000866C8 /* UserEntity.swift */; };
		3AB6E65526954D6B000866C8 /* UserMapper.swift in Sources */ = {isa = PBXBuildFile; fileRef = 3AB6E65426954D6B000866C8 /* UserMapper.swift */; };
		3AB6E65826954DAE000866C8 /* UserRepositoryImpl.swift in Sources */ = {isa = PBXBuildFile; fileRef = 3AB6E65726954DAE000866C8 /* UserRepositoryImpl.swift */; };
		3AB6E65D26954E0A000866C8 /* RealmStorageProtocol.swift in Sources */ = {isa = PBXBuildFile; fileRef = 3AB6E65C26954E0A000866C8 /* RealmStorageProtocol.swift */; };
		3AB6E65F26954E2B000866C8 /* UserLocalStorage.swift in Sources */ = {isa = PBXBuildFile; fileRef = 3AB6E65E26954E2B000866C8 /* UserLocalStorage.swift */; };
		3AB6E66126954E48000866C8 /* UserDataSource.swift in Sources */ = {isa = PBXBuildFile; fileRef = 3AB6E66026954E48000866C8 /* UserDataSource.swift */; };
		3AB6E66626954E8C000866C8 /* UserResponse.swift in Sources */ = {isa = PBXBuildFile; fileRef = 3AB6E66526954E8C000866C8 /* UserResponse.swift */; };
		3AB6E66826954EB1000866C8 /* StorableUser.swift in Sources */ = {isa = PBXBuildFile; fileRef = 3AB6E66726954EB1000866C8 /* StorableUser.swift */; };
		3AB6E66D26956099000866C8 /* AccessTokenStorage.swift in Sources */ = {isa = PBXBuildFile; fileRef = 3AB6E66C26956099000866C8 /* AccessTokenStorage.swift */; };
		3AB6E66F2695620D000866C8 /* UserNetworkService.swift in Sources */ = {isa = PBXBuildFile; fileRef = 3AB6E66E2695620D000866C8 /* UserNetworkService.swift */; };
		3AB6E6712695621C000866C8 /* NetworkService.swift in Sources */ = {isa = PBXBuildFile; fileRef = 3AB6E6702695621C000866C8 /* NetworkService.swift */; };
		3AB6E67326956232000866C8 /* APIRouteable.swift in Sources */ = {isa = PBXBuildFile; fileRef = 3AB6E67226956232000866C8 /* APIRouteable.swift */; };
		3AB6E67526956242000866C8 /* AlamofireAPIRouteable.swift in Sources */ = {isa = PBXBuildFile; fileRef = 3AB6E67426956242000866C8 /* AlamofireAPIRouteable.swift */; };
		3AB6E67726956258000866C8 /* UserAPIRouter.swift in Sources */ = {isa = PBXBuildFile; fileRef = 3AB6E67626956258000866C8 /* UserAPIRouter.swift */; };
		3AB6E67926957377000866C8 /* UserViewModel.swift in Sources */ = {isa = PBXBuildFile; fileRef = 3AB6E67826957377000866C8 /* UserViewModel.swift */; };
		3AB6E67B26957BC2000866C8 /* Gender.swift in Sources */ = {isa = PBXBuildFile; fileRef = 3AB6E67A26957BC2000866C8 /* Gender.swift */; };
		3AB6E67D269582F0000866C8 /* AppBarUIRouter.swift in Sources */ = {isa = PBXBuildFile; fileRef = 3AB6E67C269582F0000866C8 /* AppBarUIRouter.swift */; };
		3AB6E67F269583E3000866C8 /* AppBarNetworkService.swift in Sources */ = {isa = PBXBuildFile; fileRef = 3AB6E67E269583E3000866C8 /* AppBarNetworkService.swift */; };
		3AC29658266EFDB000A09BB6 /* BaseViewController.swift in Sources */ = {isa = PBXBuildFile; fileRef = 3AC29657266EFDB000A09BB6 /* BaseViewController.swift */; };
		3AC2965A266EFDD700A09BB6 /* Constant.swift in Sources */ = {isa = PBXBuildFile; fileRef = 3AC29659266EFDD700A09BB6 /* Constant.swift */; };
		3AC2966B266F121B00A09BB6 /* MainViewModel.swift in Sources */ = {isa = PBXBuildFile; fileRef = 3AC2966A266F121B00A09BB6 /* MainViewModel.swift */; };
		3AC5ED572689433600DB83F1 /* ViewModelType.swift in Sources */ = {isa = PBXBuildFile; fileRef = 3AC5ED562689433600DB83F1 /* ViewModelType.swift */; };
		3AC7507F269D2FC7002D2802 /* MyProfileCoordinator.swift in Sources */ = {isa = PBXBuildFile; fileRef = 3AC7507E269D2FC7002D2802 /* MyProfileCoordinator.swift */; };
		3AC75082269D2FF9002D2802 /* MyProfileViewModel.swift in Sources */ = {isa = PBXBuildFile; fileRef = 3AC75081269D2FF9002D2802 /* MyProfileViewModel.swift */; };
		3AC75085269D3010002D2802 /* MyProfileViewController.swift in Sources */ = {isa = PBXBuildFile; fileRef = 3AC75084269D3010002D2802 /* MyProfileViewController.swift */; };
		3AF046D92671E81500807E40 /* Attendance.swift in Sources */ = {isa = PBXBuildFile; fileRef = 3AF046D82671E81500807E40 /* Attendance.swift */; };
		3AF45235267B1D8600BEBA5F /* UserDefaultHelper.swift in Sources */ = {isa = PBXBuildFile; fileRef = 3AF45234267B1D8600BEBA5F /* UserDefaultHelper.swift */; };
		3AF45258267B1FE600BEBA5F /* AppDelegate+Swinject.swift in Sources */ = {isa = PBXBuildFile; fileRef = 3AF45257267B1FE600BEBA5F /* AppDelegate+Swinject.swift */; };
		3AF4525A267B20FF00BEBA5F /* Realm+.swift in Sources */ = {isa = PBXBuildFile; fileRef = 3AF45259267B20FF00BEBA5F /* Realm+.swift */; };
		3AF4525C267B213200BEBA5F /* ObservableType+.swift in Sources */ = {isa = PBXBuildFile; fileRef = 3AF4525B267B213200BEBA5F /* ObservableType+.swift */; };
		3AF45264267B349C00BEBA5F /* LoginViewModel.swift in Sources */ = {isa = PBXBuildFile; fileRef = 3AF4525F267B349C00BEBA5F /* LoginViewModel.swift */; };
		3AF45265267B349C00BEBA5F /* LoginView+Extension.swift in Sources */ = {isa = PBXBuildFile; fileRef = 3AF45261267B349C00BEBA5F /* LoginView+Extension.swift */; };
		3AF45266267B349C00BEBA5F /* LoginView.swift in Sources */ = {isa = PBXBuildFile; fileRef = 3AF45262267B349C00BEBA5F /* LoginView.swift */; };
		3AF45267267B349C00BEBA5F /* LoginViewController.swift in Sources */ = {isa = PBXBuildFile; fileRef = 3AF45263267B349C00BEBA5F /* LoginViewController.swift */; };
		3AF6F9452681BC1800027D8E /* AppCoordinator.swift in Sources */ = {isa = PBXBuildFile; fileRef = 3AF6F9442681BC1800027D8E /* AppCoordinator.swift */; };
		3AF6F9472681BCD300027D8E /* LoginCoordinator.swift in Sources */ = {isa = PBXBuildFile; fileRef = 3AF6F9462681BCD300027D8E /* LoginCoordinator.swift */; };
		3AF6F9492681BDD900027D8E /* BaseCoordinator.swift in Sources */ = {isa = PBXBuildFile; fileRef = 3AF6F9482681BDD900027D8E /* BaseCoordinator.swift */; };
/* End PBXBuildFile section */

/* Begin PBXFileReference section */
		1967BB7E54ADD107606C370B /* Pods-holyland.ios.debug.xcconfig */ = {isa = PBXFileReference; includeInIndex = 1; lastKnownFileType = text.xcconfig; name = "Pods-holyland.ios.debug.xcconfig"; path = "Target Support Files/Pods-holyland.ios/Pods-holyland.ios.debug.xcconfig"; sourceTree = "<group>"; };
		34BF094B9F9FFAF4DC721709 /* Pods_holyland_ios.framework */ = {isa = PBXFileReference; explicitFileType = wrapper.framework; includeInIndex = 0; path = Pods_holyland_ios.framework; sourceTree = BUILT_PRODUCTS_DIR; };
		3A42C8F626817BFC0075AAEE /* .swiftlint.yml */ = {isa = PBXFileReference; lastKnownFileType = text.yaml; path = .swiftlint.yml; sourceTree = "<group>"; };
		3A53D3772665F79E00A570C1 /* holyland.ios.app */ = {isa = PBXFileReference; explicitFileType = wrapper.application; includeInIndex = 0; path = holyland.ios.app; sourceTree = BUILT_PRODUCTS_DIR; };
		3A53D37A2665F79E00A570C1 /* AppDelegate.swift */ = {isa = PBXFileReference; lastKnownFileType = sourcecode.swift; path = AppDelegate.swift; sourceTree = "<group>"; };
		3A53D37E2665F79E00A570C1 /* MainViewController.swift */ = {isa = PBXFileReference; lastKnownFileType = sourcecode.swift; path = MainViewController.swift; sourceTree = "<group>"; };
		3A53D3862665F79F00A570C1 /* Base */ = {isa = PBXFileReference; lastKnownFileType = file.storyboard; name = Base; path = Base.lproj/LaunchScreen.storyboard; sourceTree = "<group>"; };
		3A53D3AB2665FB4D00A570C1 /* confettie_x3_1080_24f.gif */ = {isa = PBXFileReference; lastKnownFileType = image.gif; path = confettie_x3_1080_24f.gif; sourceTree = "<group>"; };
		3A53D3AC2665FB4D00A570C1 /* Color.xcassets */ = {isa = PBXFileReference; lastKnownFileType = folder.assetcatalog; path = Color.xcassets; sourceTree = "<group>"; };
		3A53D3AD2665FB4D00A570C1 /* amen_sound.mp3 */ = {isa = PBXFileReference; lastKnownFileType = audio.mp3; path = amen_sound.mp3; sourceTree = "<group>"; };
		3A53D3AE2665FB4D00A570C1 /* Assets.xcassets */ = {isa = PBXFileReference; lastKnownFileType = folder.assetcatalog; path = Assets.xcassets; sourceTree = "<group>"; };
		3A60766426981FBC00435C86 /* GoldKeyViewModel.swift */ = {isa = PBXFileReference; lastKnownFileType = sourcecode.swift; path = GoldKeyViewModel.swift; sourceTree = "<group>"; };
		3A666F67269423730069262B /* VideoCollectionViewCell.swift */ = {isa = PBXFileReference; lastKnownFileType = sourcecode.swift; path = VideoCollectionViewCell.swift; sourceTree = "<group>"; };
		3A666F69269425DD0069262B /* VideoListViewModel.swift */ = {isa = PBXFileReference; lastKnownFileType = sourcecode.swift; path = VideoListViewModel.swift; sourceTree = "<group>"; };
		3A666F6B26944BFB0069262B /* MainView.swift */ = {isa = PBXFileReference; lastKnownFileType = sourcecode.swift; path = MainView.swift; sourceTree = "<group>"; };
		3A7C46DD2682C7BE002AD73C /* MainCoordinator.swift */ = {isa = PBXFileReference; lastKnownFileType = sourcecode.swift; path = MainCoordinator.swift; sourceTree = "<group>"; };
		3A7CAA36266EDFDE0048E41F /* Fonts+Generated.swift */ = {isa = PBXFileReference; fileEncoding = 4; lastKnownFileType = sourcecode.swift; path = "Fonts+Generated.swift"; sourceTree = "<group>"; };
		3A7CAA37266EDFDE0048E41F /* XCAssets+Generated.swift */ = {isa = PBXFileReference; fileEncoding = 4; lastKnownFileType = sourcecode.swift; path = "XCAssets+Generated.swift"; sourceTree = "<group>"; };
		3A866D4B268EADC700778BBF /* MyPageCoordinator.swift */ = {isa = PBXFileReference; lastKnownFileType = sourcecode.swift; path = MyPageCoordinator.swift; sourceTree = "<group>"; };
		3A866D51268EB5A300778BBF /* QRPageCoordinator.swift */ = {isa = PBXFileReference; lastKnownFileType = sourcecode.swift; path = QRPageCoordinator.swift; sourceTree = "<group>"; };
		3A866D53268EB5EA00778BBF /* QRPageViewController.swift */ = {isa = PBXFileReference; lastKnownFileType = sourcecode.swift; path = QRPageViewController.swift; sourceTree = "<group>"; };
		3A866D55268ECDDE00778BBF /* QRPageViewModel.swift */ = {isa = PBXFileReference; lastKnownFileType = sourcecode.swift; path = QRPageViewModel.swift; sourceTree = "<group>"; };
		3A866D57268F021200778BBF /* MyPageViewModel.swift */ = {isa = PBXFileReference; lastKnownFileType = sourcecode.swift; path = MyPageViewModel.swift; sourceTree = "<group>"; };
		3A89638A2665FDE20009E9D1 /* swiftgen.yml */ = {isa = PBXFileReference; lastKnownFileType = text.yaml; path = swiftgen.yml; sourceTree = "<group>"; };
		3A89638E266602E30009E9D1 /* Info.plist */ = {isa = PBXFileReference; lastKnownFileType = text.plist.xml; path = Info.plist; sourceTree = "<group>"; };
		3A896390266604AB0009E9D1 /* GoogleService-Info.plist */ = {isa = PBXFileReference; lastKnownFileType = text.plist.xml; path = "GoogleService-Info.plist"; sourceTree = "<group>"; };
		3A8A1DA42676E1EA003E4B99 /* NetworkStatus.swift */ = {isa = PBXFileReference; lastKnownFileType = sourcecode.swift; path = NetworkStatus.swift; sourceTree = "<group>"; };
		3A8A1DA72676E5FE003E4B99 /* AlertType.swift */ = {isa = PBXFileReference; lastKnownFileType = sourcecode.swift; path = AlertType.swift; sourceTree = "<group>"; };
		3A8A1DA92676E77A003E4B99 /* AlertView.swift */ = {isa = PBXFileReference; lastKnownFileType = sourcecode.swift; path = AlertView.swift; sourceTree = "<group>"; };
		3A8A1DAB2676F2E6003E4B99 /* ForgetAlertView.swift */ = {isa = PBXFileReference; lastKnownFileType = sourcecode.swift; path = ForgetAlertView.swift; sourceTree = "<group>"; };
		3A8A1DAD2676F59C003E4B99 /* OkayCancelAlertView.swift */ = {isa = PBXFileReference; lastKnownFileType = sourcecode.swift; path = OkayCancelAlertView.swift; sourceTree = "<group>"; };
		3A8A1DAF2676F5FE003E4B99 /* OneTitleAlertView.swift */ = {isa = PBXFileReference; lastKnownFileType = sourcecode.swift; path = OneTitleAlertView.swift; sourceTree = "<group>"; };
		3A8A1DB12676F66A003E4B99 /* VideoAttendanceAlertView.swift */ = {isa = PBXFileReference; lastKnownFileType = sourcecode.swift; path = VideoAttendanceAlertView.swift; sourceTree = "<group>"; };
		3A8A1DB52676FA83003E4B99 /* TitleMessageAlertView.swift */ = {isa = PBXFileReference; lastKnownFileType = sourcecode.swift; path = TitleMessageAlertView.swift; sourceTree = "<group>"; };
		3A8A1DB72676FAAF003E4B99 /* ChildQRCodeAlertView.swift */ = {isa = PBXFileReference; lastKnownFileType = sourcecode.swift; path = ChildQRCodeAlertView.swift; sourceTree = "<group>"; };
		3A8A1DBA26770816003E4B99 /* ToastView.swift */ = {isa = PBXFileReference; lastKnownFileType = sourcecode.swift; path = ToastView.swift; sourceTree = "<group>"; };
		3A8A1DBC267710CE003E4B99 /* UserLevelUpToastView.swift */ = {isa = PBXFileReference; lastKnownFileType = sourcecode.swift; path = UserLevelUpToastView.swift; sourceTree = "<group>"; };
		3A8A1DBE267710F3003E4B99 /* FullScreenToastView.swift */ = {isa = PBXFileReference; lastKnownFileType = sourcecode.swift; path = FullScreenToastView.swift; sourceTree = "<group>"; };
		3A8A1DC026771929003E4B99 /* Date+.swift */ = {isa = PBXFileReference; lastKnownFileType = sourcecode.swift; path = "Date+.swift"; sourceTree = "<group>"; };
		3A8A1DC22677215B003E4B99 /* VideoInformation.swift */ = {isa = PBXFileReference; lastKnownFileType = sourcecode.swift; path = VideoInformation.swift; sourceTree = "<group>"; };
		3A8A1DC62677227D003E4B99 /* Worship.swift */ = {isa = PBXFileReference; lastKnownFileType = sourcecode.swift; path = Worship.swift; sourceTree = "<group>"; };
		3A92D5E426967BEC00B36C06 /* GoldKeyRepository.swift */ = {isa = PBXFileReference; lastKnownFileType = sourcecode.swift; path = GoldKeyRepository.swift; sourceTree = "<group>"; };
		3A92D5E626967C4A00B36C06 /* GoldKeyResponse.swift */ = {isa = PBXFileReference; lastKnownFileType = sourcecode.swift; path = GoldKeyResponse.swift; sourceTree = "<group>"; };
		3A92D5E826967D1A00B36C06 /* GoldKeyEntity.swift */ = {isa = PBXFileReference; lastKnownFileType = sourcecode.swift; path = GoldKeyEntity.swift; sourceTree = "<group>"; };
		3A92D5EA269681A900B36C06 /* GoldKeyRepositoryImpl.swift */ = {isa = PBXFileReference; lastKnownFileType = sourcecode.swift; path = GoldKeyRepositoryImpl.swift; sourceTree = "<group>"; };
		3A92D5EC269681CC00B36C06 /* GoldKeyDataSource.swift */ = {isa = PBXFileReference; lastKnownFileType = sourcecode.swift; path = GoldKeyDataSource.swift; sourceTree = "<group>"; };
		3A92D5EE2696980900B36C06 /* GoldKeyRouter.swift */ = {isa = PBXFileReference; lastKnownFileType = sourcecode.swift; path = GoldKeyRouter.swift; sourceTree = "<group>"; };
		3A92D5F026969A0000B36C06 /* GoldKeyNetworkService.swift */ = {isa = PBXFileReference; lastKnownFileType = sourcecode.swift; path = GoldKeyNetworkService.swift; sourceTree = "<group>"; };
		3A9CDDB1268DBB5600C302BC /* MyPageViewController.swift */ = {isa = PBXFileReference; lastKnownFileType = sourcecode.swift; path = MyPageViewController.swift; sourceTree = "<group>"; };
		3AAEF3832672F5680006E6FE /* JalnanOTF.otf */ = {isa = PBXFileReference; lastKnownFileType = file; path = JalnanOTF.otf; sourceTree = "<group>"; };
		3AAEF3842672F56A0006E6FE /* SpoqaHanSansBold.ttf */ = {isa = PBXFileReference; lastKnownFileType = file; path = SpoqaHanSansBold.ttf; sourceTree = "<group>"; };
		3AAEF3852672F56B0006E6FE /* SpoqaHanSansRegular.ttf */ = {isa = PBXFileReference; lastKnownFileType = file; path = SpoqaHanSansRegular.ttf; sourceTree = "<group>"; };
		3AAEF3862672F56C0006E6FE /* NanumSquareRoundOTFEB.otf */ = {isa = PBXFileReference; lastKnownFileType = file; path = NanumSquareRoundOTFEB.otf; sourceTree = "<group>"; };
		3AAEF3872672F56C0006E6FE /* NanumSquareRoundOTFB.otf */ = {isa = PBXFileReference; lastKnownFileType = file; path = NanumSquareRoundOTFB.otf; sourceTree = "<group>"; };
		3AAEF38D2672F5DA0006E6FE /* MainView+Extension.swift */ = {isa = PBXFileReference; lastKnownFileType = sourcecode.swift; path = "MainView+Extension.swift"; sourceTree = "<group>"; };
		3AAEF38F2672F7D30006E6FE /* UserProfileView.swift */ = {isa = PBXFileReference; lastKnownFileType = sourcecode.swift; path = UserProfileView.swift; sourceTree = "<group>"; };
		3AAEF3922672FD210006E6FE /* User+.swift */ = {isa = PBXFileReference; lastKnownFileType = sourcecode.swift; path = "User+.swift"; sourceTree = "<group>"; };
		3AAEF3962672FD7D0006E6FE /* Emotion.swift */ = {isa = PBXFileReference; lastKnownFileType = sourcecode.swift; path = Emotion.swift; sourceTree = "<group>"; };
		3AAEF3982672FE210006E6FE /* UIView+.swift */ = {isa = PBXFileReference; lastKnownFileType = sourcecode.swift; path = "UIView+.swift"; sourceTree = "<group>"; };
		3AAEF39D267302530006E6FE /* UIApplication+.swift */ = {isa = PBXFileReference; lastKnownFileType = sourcecode.swift; path = "UIApplication+.swift"; sourceTree = "<group>"; };
		3AAEF3CD267305B10006E6FE /* VideoCollectionView.swift */ = {isa = PBXFileReference; lastKnownFileType = sourcecode.swift; path = VideoCollectionView.swift; sourceTree = "<group>"; };
		3AAEF3CF267305BB0006E6FE /* VideoCollectionViewCell.xib */ = {isa = PBXFileReference; fileEncoding = 4; lastKnownFileType = file.xib; path = VideoCollectionViewCell.xib; sourceTree = "<group>"; };
		3AB1395F267C2E5F0021BEC9 /* RoundedButton.swift */ = {isa = PBXFileReference; lastKnownFileType = sourcecode.swift; path = RoundedButton.swift; sourceTree = "<group>"; };
		3AB13961267C2E980021BEC9 /* UITextField+.swift */ = {isa = PBXFileReference; lastKnownFileType = sourcecode.swift; path = "UITextField+.swift"; sourceTree = "<group>"; };
		3AB6E64C26954875000866C8 /* UserRepository.swift */ = {isa = PBXFileReference; lastKnownFileType = sourcecode.swift; path = UserRepository.swift; sourceTree = "<group>"; };
		3AB6E64F26954C09000866C8 /* Entity.swift */ = {isa = PBXFileReference; lastKnownFileType = sourcecode.swift; path = Entity.swift; sourceTree = "<group>"; };
		3AB6E65126954C3A000866C8 /* UserEntity.swift */ = {isa = PBXFileReference; lastKnownFileType = sourcecode.swift; path = UserEntity.swift; sourceTree = "<group>"; };
		3AB6E65426954D6B000866C8 /* UserMapper.swift */ = {isa = PBXFileReference; lastKnownFileType = sourcecode.swift; path = UserMapper.swift; sourceTree = "<group>"; };
		3AB6E65726954DAE000866C8 /* UserRepositoryImpl.swift */ = {isa = PBXFileReference; lastKnownFileType = sourcecode.swift; path = UserRepositoryImpl.swift; sourceTree = "<group>"; };
		3AB6E65C26954E0A000866C8 /* RealmStorageProtocol.swift */ = {isa = PBXFileReference; lastKnownFileType = sourcecode.swift; path = RealmStorageProtocol.swift; sourceTree = "<group>"; };
		3AB6E65E26954E2B000866C8 /* UserLocalStorage.swift */ = {isa = PBXFileReference; lastKnownFileType = sourcecode.swift; path = UserLocalStorage.swift; sourceTree = "<group>"; };
		3AB6E66026954E48000866C8 /* UserDataSource.swift */ = {isa = PBXFileReference; lastKnownFileType = sourcecode.swift; path = UserDataSource.swift; sourceTree = "<group>"; };
		3AB6E66526954E8C000866C8 /* UserResponse.swift */ = {isa = PBXFileReference; lastKnownFileType = sourcecode.swift; path = UserResponse.swift; sourceTree = "<group>"; };
		3AB6E66726954EB1000866C8 /* StorableUser.swift */ = {isa = PBXFileReference; lastKnownFileType = sourcecode.swift; path = StorableUser.swift; sourceTree = "<group>"; };
		3AB6E66C26956099000866C8 /* AccessTokenStorage.swift */ = {isa = PBXFileReference; lastKnownFileType = sourcecode.swift; path = AccessTokenStorage.swift; sourceTree = "<group>"; };
		3AB6E66E2695620D000866C8 /* UserNetworkService.swift */ = {isa = PBXFileReference; lastKnownFileType = sourcecode.swift; path = UserNetworkService.swift; sourceTree = "<group>"; };
		3AB6E6702695621C000866C8 /* NetworkService.swift */ = {isa = PBXFileReference; lastKnownFileType = sourcecode.swift; path = NetworkService.swift; sourceTree = "<group>"; };
		3AB6E67226956232000866C8 /* APIRouteable.swift */ = {isa = PBXFileReference; lastKnownFileType = sourcecode.swift; path = APIRouteable.swift; sourceTree = "<group>"; };
		3AB6E67426956242000866C8 /* AlamofireAPIRouteable.swift */ = {isa = PBXFileReference; lastKnownFileType = sourcecode.swift; path = AlamofireAPIRouteable.swift; sourceTree = "<group>"; };
		3AB6E67626956258000866C8 /* UserAPIRouter.swift */ = {isa = PBXFileReference; lastKnownFileType = sourcecode.swift; path = UserAPIRouter.swift; sourceTree = "<group>"; };
		3AB6E67826957377000866C8 /* UserViewModel.swift */ = {isa = PBXFileReference; fileEncoding = 4; lastKnownFileType = sourcecode.swift; path = UserViewModel.swift; sourceTree = "<group>"; };
		3AB6E67A26957BC2000866C8 /* Gender.swift */ = {isa = PBXFileReference; lastKnownFileType = sourcecode.swift; path = Gender.swift; sourceTree = "<group>"; };
		3AB6E67C269582F0000866C8 /* AppBarUIRouter.swift */ = {isa = PBXFileReference; lastKnownFileType = sourcecode.swift; path = AppBarUIRouter.swift; sourceTree = "<group>"; };
		3AB6E67E269583E3000866C8 /* AppBarNetworkService.swift */ = {isa = PBXFileReference; lastKnownFileType = sourcecode.swift; path = AppBarNetworkService.swift; sourceTree = "<group>"; };
		3AC29657266EFDB000A09BB6 /* BaseViewController.swift */ = {isa = PBXFileReference; lastKnownFileType = sourcecode.swift; path = BaseViewController.swift; sourceTree = "<group>"; };
		3AC29659266EFDD700A09BB6 /* Constant.swift */ = {isa = PBXFileReference; lastKnownFileType = sourcecode.swift; path = Constant.swift; sourceTree = "<group>"; };
		3AC2966A266F121B00A09BB6 /* MainViewModel.swift */ = {isa = PBXFileReference; lastKnownFileType = sourcecode.swift; path = MainViewModel.swift; sourceTree = "<group>"; };
		3AC5ED562689433600DB83F1 /* ViewModelType.swift */ = {isa = PBXFileReference; lastKnownFileType = sourcecode.swift; path = ViewModelType.swift; sourceTree = "<group>"; };
		3AC7507E269D2FC7002D2802 /* MyProfileCoordinator.swift */ = {isa = PBXFileReference; lastKnownFileType = sourcecode.swift; path = MyProfileCoordinator.swift; sourceTree = "<group>"; };
		3AC75081269D2FF9002D2802 /* MyProfileViewModel.swift */ = {isa = PBXFileReference; lastKnownFileType = sourcecode.swift; path = MyProfileViewModel.swift; sourceTree = "<group>"; };
		3AC75084269D3010002D2802 /* MyProfileViewController.swift */ = {isa = PBXFileReference; lastKnownFileType = sourcecode.swift; path = MyProfileViewController.swift; sourceTree = "<group>"; };
		3AF046D82671E81500807E40 /* Attendance.swift */ = {isa = PBXFileReference; lastKnownFileType = sourcecode.swift; path = Attendance.swift; sourceTree = "<group>"; };
		3AF45234267B1D8600BEBA5F /* UserDefaultHelper.swift */ = {isa = PBXFileReference; lastKnownFileType = sourcecode.swift; path = UserDefaultHelper.swift; sourceTree = "<group>"; };
		3AF45257267B1FE600BEBA5F /* AppDelegate+Swinject.swift */ = {isa = PBXFileReference; lastKnownFileType = sourcecode.swift; path = "AppDelegate+Swinject.swift"; sourceTree = "<group>"; };
		3AF45259267B20FF00BEBA5F /* Realm+.swift */ = {isa = PBXFileReference; lastKnownFileType = sourcecode.swift; path = "Realm+.swift"; sourceTree = "<group>"; };
		3AF4525B267B213200BEBA5F /* ObservableType+.swift */ = {isa = PBXFileReference; lastKnownFileType = sourcecode.swift; path = "ObservableType+.swift"; sourceTree = "<group>"; };
		3AF4525F267B349C00BEBA5F /* LoginViewModel.swift */ = {isa = PBXFileReference; fileEncoding = 4; lastKnownFileType = sourcecode.swift; path = LoginViewModel.swift; sourceTree = "<group>"; };
		3AF45261267B349C00BEBA5F /* LoginView+Extension.swift */ = {isa = PBXFileReference; fileEncoding = 4; lastKnownFileType = sourcecode.swift; path = "LoginView+Extension.swift"; sourceTree = "<group>"; };
		3AF45262267B349C00BEBA5F /* LoginView.swift */ = {isa = PBXFileReference; fileEncoding = 4; lastKnownFileType = sourcecode.swift; path = LoginView.swift; sourceTree = "<group>"; };
		3AF45263267B349C00BEBA5F /* LoginViewController.swift */ = {isa = PBXFileReference; fileEncoding = 4; lastKnownFileType = sourcecode.swift; path = LoginViewController.swift; sourceTree = "<group>"; };
		3AF6F9442681BC1800027D8E /* AppCoordinator.swift */ = {isa = PBXFileReference; lastKnownFileType = sourcecode.swift; path = AppCoordinator.swift; sourceTree = "<group>"; };
		3AF6F9462681BCD300027D8E /* LoginCoordinator.swift */ = {isa = PBXFileReference; lastKnownFileType = sourcecode.swift; path = LoginCoordinator.swift; sourceTree = "<group>"; };
		3AF6F9482681BDD900027D8E /* BaseCoordinator.swift */ = {isa = PBXFileReference; lastKnownFileType = sourcecode.swift; path = BaseCoordinator.swift; sourceTree = "<group>"; };
		8DE80D81A1F73C0B1F7159C6 /* Pods-holyland.ios.release.xcconfig */ = {isa = PBXFileReference; includeInIndex = 1; lastKnownFileType = text.xcconfig; name = "Pods-holyland.ios.release.xcconfig"; path = "Target Support Files/Pods-holyland.ios/Pods-holyland.ios.release.xcconfig"; sourceTree = "<group>"; };
/* End PBXFileReference section */

/* Begin PBXFrameworksBuildPhase section */
		3A53D3742665F79E00A570C1 /* Frameworks */ = {
			isa = PBXFrameworksBuildPhase;
			buildActionMask = 2147483647;
			files = (
				337EFB9C3C694708255C81B2 /* Pods_holyland_ios.framework in Frameworks */,
			);
			runOnlyForDeploymentPostprocessing = 0;
		};
/* End PBXFrameworksBuildPhase section */

/* Begin PBXGroup section */
		3A53D36E2665F79E00A570C1 = {
			isa = PBXGroup;
			children = (
				3A42C8F626817BFC0075AAEE /* .swiftlint.yml */,
				3A89638A2665FDE20009E9D1 /* swiftgen.yml */,
				3A53D3792665F79E00A570C1 /* holyland.ios */,
				3A53D3782665F79E00A570C1 /* Products */,
				C2A5C369704D4EC28A45831C /* Pods */,
				C5955964DD2D76C056278A4F /* Frameworks */,
			);
			sourceTree = "<group>";
		};
		3A53D3782665F79E00A570C1 /* Products */ = {
			isa = PBXGroup;
			children = (
				3A53D3772665F79E00A570C1 /* holyland.ios.app */,
			);
			name = Products;
			sourceTree = "<group>";
		};
		3A53D3792665F79E00A570C1 /* holyland.ios */ = {
			isa = PBXGroup;
			children = (
				3AB6E64A269547FC000866C8 /* Domain */,
				3A6798102671DDB0003A0191 /* Data */,
				3AC2965D266F097300A09BB6 /* Application */,
				3AF4525D267B349C00BEBA5F /* Login */,
				3AC29667266F11E600A09BB6 /* Main */,
				3AC7507C269D2439002D2802 /* MyProfile */,
				3A866D46268EAD6800778BBF /* MyPage */,
				3A866D4D268EB57D00778BBF /* QRPage */,
				3AC29656266EFDA200A09BB6 /* Common */,
				3A53D3AA2665FA7B00A570C1 /* Resources */,
				3A89638E266602E30009E9D1 /* Info.plist */,
				3A896390266604AB0009E9D1 /* GoogleService-Info.plist */,
			);
			path = holyland.ios;
			sourceTree = "<group>";
		};
		3A53D3AA2665FA7B00A570C1 /* Resources */ = {
			isa = PBXGroup;
			children = (
				3AAEF3822672F5560006E6FE /* Fonts */,
				3A896392266605B10009E9D1 /* Generated */,
				3A53D3852665F79F00A570C1 /* LaunchScreen.storyboard */,
				3A53D3AD2665FB4D00A570C1 /* amen_sound.mp3 */,
				3A53D3AE2665FB4D00A570C1 /* Assets.xcassets */,
				3A53D3AC2665FB4D00A570C1 /* Color.xcassets */,
				3A53D3AB2665FB4D00A570C1 /* confettie_x3_1080_24f.gif */,
			);
			path = Resources;
			sourceTree = "<group>";
		};
		3A60766326981FA400435C86 /* ViewModel */ = {
			isa = PBXGroup;
			children = (
				3AC5ED562689433600DB83F1 /* ViewModelType.swift */,
				3AB6E67826957377000866C8 /* UserViewModel.swift */,
				3A60766426981FBC00435C86 /* GoldKeyViewModel.swift */,
			);
			path = ViewModel;
			sourceTree = "<group>";
		};
		3A6798102671DDB0003A0191 /* Data */ = {
			isa = PBXGroup;
			children = (
				3AB6E65326954D5D000866C8 /* Mapper */,
				3AB6E65626954D8F000866C8 /* Repositories */,
				3AB6E65926954DE8000866C8 /* DataSources */,
				3AB6E66326954E78000866C8 /* Models */,
			);
			path = Data;
			sourceTree = "<group>";
		};
		3A7C46DC2682C7AE002AD73C /* Coordinator */ = {
			isa = PBXGroup;
			children = (
				3A7C46DD2682C7BE002AD73C /* MainCoordinator.swift */,
			);
			path = Coordinator;
			sourceTree = "<group>";
		};
		3A866D46268EAD6800778BBF /* MyPage */ = {
			isa = PBXGroup;
			children = (
				3A866D49268EAD8D00778BBF /* Coordinator */,
				3A866D48268EAD8600778BBF /* ViewModel */,
				3A866D47268EAD7F00778BBF /* View */,
			);
			path = MyPage;
			sourceTree = "<group>";
		};
		3A866D47268EAD7F00778BBF /* View */ = {
			isa = PBXGroup;
			children = (
				3A9CDDB1268DBB5600C302BC /* MyPageViewController.swift */,
			);
			path = View;
			sourceTree = "<group>";
		};
		3A866D48268EAD8600778BBF /* ViewModel */ = {
			isa = PBXGroup;
			children = (
				3A866D57268F021200778BBF /* MyPageViewModel.swift */,
			);
			path = ViewModel;
			sourceTree = "<group>";
		};
		3A866D49268EAD8D00778BBF /* Coordinator */ = {
			isa = PBXGroup;
			children = (
				3A866D4B268EADC700778BBF /* MyPageCoordinator.swift */,
			);
			path = Coordinator;
			sourceTree = "<group>";
		};
		3A866D4D268EB57D00778BBF /* QRPage */ = {
			isa = PBXGroup;
			children = (
				3A866D50268EB59800778BBF /* Coordinator */,
				3A866D4F268EB58F00778BBF /* ViewModel */,
				3A866D4E268EB58900778BBF /* View */,
			);
			path = QRPage;
			sourceTree = "<group>";
		};
		3A866D4E268EB58900778BBF /* View */ = {
			isa = PBXGroup;
			children = (
				3A866D53268EB5EA00778BBF /* QRPageViewController.swift */,
			);
			path = View;
			sourceTree = "<group>";
		};
		3A866D4F268EB58F00778BBF /* ViewModel */ = {
			isa = PBXGroup;
			children = (
				3A866D55268ECDDE00778BBF /* QRPageViewModel.swift */,
			);
			path = ViewModel;
			sourceTree = "<group>";
		};
		3A866D50268EB59800778BBF /* Coordinator */ = {
			isa = PBXGroup;
			children = (
				3A866D51268EB5A300778BBF /* QRPageCoordinator.swift */,
			);
			path = Coordinator;
			sourceTree = "<group>";
		};
		3A896392266605B10009E9D1 /* Generated */ = {
			isa = PBXGroup;
			children = (
				3A7CAA36266EDFDE0048E41F /* Fonts+Generated.swift */,
				3A7CAA37266EDFDE0048E41F /* XCAssets+Generated.swift */,
			);
			path = Generated;
			sourceTree = "<group>";
		};
		3A8A1DA32676E1CF003E4B99 /* Helper */ = {
			isa = PBXGroup;
			children = (
				3A8A1DA42676E1EA003E4B99 /* NetworkStatus.swift */,
				3AF45234267B1D8600BEBA5F /* UserDefaultHelper.swift */,
			);
			path = Helper;
			sourceTree = "<group>";
		};
		3A8A1DA62676E5F3003E4B99 /* AlertViews */ = {
			isa = PBXGroup;
			children = (
				3A8A1DA72676E5FE003E4B99 /* AlertType.swift */,
				3A8A1DA92676E77A003E4B99 /* AlertView.swift */,
				3A8A1DAB2676F2E6003E4B99 /* ForgetAlertView.swift */,
				3A8A1DAD2676F59C003E4B99 /* OkayCancelAlertView.swift */,
				3A8A1DAF2676F5FE003E4B99 /* OneTitleAlertView.swift */,
				3A8A1DB12676F66A003E4B99 /* VideoAttendanceAlertView.swift */,
				3A8A1DB52676FA83003E4B99 /* TitleMessageAlertView.swift */,
				3A8A1DB72676FAAF003E4B99 /* ChildQRCodeAlertView.swift */,
			);
			path = AlertViews;
			sourceTree = "<group>";
		};
		3A8A1DB9267707FD003E4B99 /* ToastViews */ = {
			isa = PBXGroup;
			children = (
				3A8A1DBA26770816003E4B99 /* ToastView.swift */,
				3A8A1DBC267710CE003E4B99 /* UserLevelUpToastView.swift */,
				3A8A1DBE267710F3003E4B99 /* FullScreenToastView.swift */,
			);
			path = ToastViews;
			sourceTree = "<group>";
		};
		3AAEF3752672EC4A0006E6FE /* View */ = {
			isa = PBXGroup;
			children = (
				3A8A1DB9267707FD003E4B99 /* ToastViews */,
				3A8A1DA62676E5F3003E4B99 /* AlertViews */,
				3AAEF38F2672F7D30006E6FE /* UserProfileView.swift */,
				3AB1395F267C2E5F0021BEC9 /* RoundedButton.swift */,
			);
			path = View;
			sourceTree = "<group>";
		};
		3AAEF3822672F5560006E6FE /* Fonts */ = {
			isa = PBXGroup;
			children = (
				3AAEF3832672F5680006E6FE /* JalnanOTF.otf */,
				3AAEF3872672F56C0006E6FE /* NanumSquareRoundOTFB.otf */,
				3AAEF3862672F56C0006E6FE /* NanumSquareRoundOTFEB.otf */,
				3AAEF3842672F56A0006E6FE /* SpoqaHanSansBold.ttf */,
				3AAEF3852672F56B0006E6FE /* SpoqaHanSansRegular.ttf */,
			);
			path = Fonts;
			sourceTree = "<group>";
		};
		3AAEF3912672FD140006E6FE /* Extension */ = {
			isa = PBXGroup;
			children = (
				3AAEF3922672FD210006E6FE /* User+.swift */,
				3AF4525B267B213200BEBA5F /* ObservableType+.swift */,
				3AAEF3982672FE210006E6FE /* UIView+.swift */,
				3AF45259267B20FF00BEBA5F /* Realm+.swift */,
				3A8A1DC026771929003E4B99 /* Date+.swift */,
				3AAEF39D267302530006E6FE /* UIApplication+.swift */,
				3AB13961267C2E980021BEC9 /* UITextField+.swift */,
			);
			path = Extension;
			sourceTree = "<group>";
		};
		3AAEF3CC2673059D0006E6FE /* SubView */ = {
			isa = PBXGroup;
			children = (
				3AAEF3CD267305B10006E6FE /* VideoCollectionView.swift */,
				3A666F67269423730069262B /* VideoCollectionViewCell.swift */,
				3AAEF3CF267305BB0006E6FE /* VideoCollectionViewCell.xib */,
			);
			path = SubView;
			sourceTree = "<group>";
		};
		3AB6E64A269547FC000866C8 /* Domain */ = {
			isa = PBXGroup;
			children = (
				3AB6E64B2695485B000866C8 /* Repository */,
				3AB6E64E26954BF6000866C8 /* Entities */,
			);
			path = Domain;
			sourceTree = "<group>";
		};
		3AB6E64B2695485B000866C8 /* Repository */ = {
			isa = PBXGroup;
			children = (
				3AB6E64C26954875000866C8 /* UserRepository.swift */,
				3A92D5E426967BEC00B36C06 /* GoldKeyRepository.swift */,
			);
			path = Repository;
			sourceTree = "<group>";
		};
		3AB6E64E26954BF6000866C8 /* Entities */ = {
			isa = PBXGroup;
			children = (
				3AB6E64F26954C09000866C8 /* Entity.swift */,
				3AB6E65126954C3A000866C8 /* UserEntity.swift */,
				3A92D5E826967D1A00B36C06 /* GoldKeyEntity.swift */,
			);
			path = Entities;
			sourceTree = "<group>";
		};
		3AB6E65326954D5D000866C8 /* Mapper */ = {
			isa = PBXGroup;
			children = (
				3AB6E65426954D6B000866C8 /* UserMapper.swift */,
			);
			path = Mapper;
			sourceTree = "<group>";
		};
		3AB6E65626954D8F000866C8 /* Repositories */ = {
			isa = PBXGroup;
			children = (
				3AB6E65726954DAE000866C8 /* UserRepositoryImpl.swift */,
				3A92D5EA269681A900B36C06 /* GoldKeyRepositoryImpl.swift */,
			);
			path = Repositories;
			sourceTree = "<group>";
		};
		3AB6E65926954DE8000866C8 /* DataSources */ = {
			isa = PBXGroup;
			children = (
				3AB6E65B26954DFC000866C8 /* Local */,
				3AB6E65A26954DF8000866C8 /* Remote */,
			);
			path = DataSources;
			sourceTree = "<group>";
		};
		3AB6E65A26954DF8000866C8 /* Remote */ = {
			isa = PBXGroup;
			children = (
				3AB6E66026954E48000866C8 /* UserDataSource.swift */,
				3A92D5EC269681CC00B36C06 /* GoldKeyDataSource.swift */,
			);
			path = Remote;
			sourceTree = "<group>";
		};
		3AB6E65B26954DFC000866C8 /* Local */ = {
			isa = PBXGroup;
			children = (
				3AB6E65C26954E0A000866C8 /* RealmStorageProtocol.swift */,
				3AB6E65E26954E2B000866C8 /* UserLocalStorage.swift */,
			);
			path = Local;
			sourceTree = "<group>";
		};
		3AB6E66326954E78000866C8 /* Models */ = {
			isa = PBXGroup;
			children = (
				3AB6E66526954E8C000866C8 /* UserResponse.swift */,
				3A92D5E626967C4A00B36C06 /* GoldKeyResponse.swift */,
				3AB6E66726954EB1000866C8 /* StorableUser.swift */,
			);
			path = Models;
			sourceTree = "<group>";
		};
		3AB6E6692695606E000866C8 /* Network */ = {
			isa = PBXGroup;
			children = (
				3AB6E66C26956099000866C8 /* AccessTokenStorage.swift */,
				3AB6E66B26956089000866C8 /* Client */,
				3AB6E66A26956084000866C8 /* Router */,
			);
			path = Network;
			sourceTree = "<group>";
		};
		3AB6E66A26956084000866C8 /* Router */ = {
			isa = PBXGroup;
			children = (
				3AB6E67226956232000866C8 /* APIRouteable.swift */,
				3AB6E67426956242000866C8 /* AlamofireAPIRouteable.swift */,
				3AB6E67626956258000866C8 /* UserAPIRouter.swift */,
				3AB6E67C269582F0000866C8 /* AppBarUIRouter.swift */,
				3A92D5EE2696980900B36C06 /* GoldKeyRouter.swift */,
			);
			path = Router;
			sourceTree = "<group>";
		};
		3AB6E66B26956089000866C8 /* Client */ = {
			isa = PBXGroup;
			children = (
				3AB6E66E2695620D000866C8 /* UserNetworkService.swift */,
				3A92D5F026969A0000B36C06 /* GoldKeyNetworkService.swift */,
				3AB6E67E269583E3000866C8 /* AppBarNetworkService.swift */,
				3AB6E6702695621C000866C8 /* NetworkService.swift */,
			);
			path = Client;
			sourceTree = "<group>";
		};
		3AC29656266EFDA200A09BB6 /* Common */ = {
			isa = PBXGroup;
			children = (
				3A60766326981FA400435C86 /* ViewModel */,
				3A8A1DA32676E1CF003E4B99 /* Helper */,
				3AAEF3912672FD140006E6FE /* Extension */,
				3AAEF3752672EC4A0006E6FE /* View */,
				3AF046D72671E80300807E40 /* Model */,
				3AC29657266EFDB000A09BB6 /* BaseViewController.swift */,
				3AF6F9482681BDD900027D8E /* BaseCoordinator.swift */,
			);
			path = Common;
			sourceTree = "<group>";
		};
		3AC2965D266F097300A09BB6 /* Application */ = {
			isa = PBXGroup;
			children = (
				3AB6E6692695606E000866C8 /* Network */,
				3A53D37A2665F79E00A570C1 /* AppDelegate.swift */,
				3AF45257267B1FE600BEBA5F /* AppDelegate+Swinject.swift */,
				3AF6F9442681BC1800027D8E /* AppCoordinator.swift */,
				3AC29659266EFDD700A09BB6 /* Constant.swift */,
			);
			path = Application;
			sourceTree = "<group>";
		};
		3AC29667266F11E600A09BB6 /* Main */ = {
			isa = PBXGroup;
			children = (
				3A7C46DC2682C7AE002AD73C /* Coordinator */,
				3AC29669266F120600A09BB6 /* ViewModel */,
				3AC29668266F11FC00A09BB6 /* View */,
			);
			path = Main;
			sourceTree = "<group>";
		};
		3AC29668266F11FC00A09BB6 /* View */ = {
			isa = PBXGroup;
			children = (
				3AAEF3CC2673059D0006E6FE /* SubView */,
				3A53D37E2665F79E00A570C1 /* MainViewController.swift */,
				3A666F6B26944BFB0069262B /* MainView.swift */,
				3AAEF38D2672F5DA0006E6FE /* MainView+Extension.swift */,
			);
			path = View;
			sourceTree = "<group>";
		};
		3AC29669266F120600A09BB6 /* ViewModel */ = {
			isa = PBXGroup;
			children = (
				3AC2966A266F121B00A09BB6 /* MainViewModel.swift */,
				3A666F69269425DD0069262B /* VideoListViewModel.swift */,
			);
			path = ViewModel;
			sourceTree = "<group>";
		};
		3AC7507C269D2439002D2802 /* MyProfile */ = {
			isa = PBXGroup;
			children = (
				3AC7507D269D279E002D2802 /* Coordinator */,
				3AC75080269D2FE5002D2802 /* ViewModel */,
				3AC75083269D2FFD002D2802 /* View */,
			);
			path = MyProfile;
			sourceTree = "<group>";
		};
		3AC7507D269D279E002D2802 /* Coordinator */ = {
			isa = PBXGroup;
			children = (
				3AC7507E269D2FC7002D2802 /* MyProfileCoordinator.swift */,
			);
			path = Coordinator;
			sourceTree = "<group>";
		};
		3AC75080269D2FE5002D2802 /* ViewModel */ = {
			isa = PBXGroup;
			children = (
				3AC75081269D2FF9002D2802 /* MyProfileViewModel.swift */,
			);
			path = ViewModel;
			sourceTree = "<group>";
		};
		3AC75083269D2FFD002D2802 /* View */ = {
			isa = PBXGroup;
			children = (
				3AC75084269D3010002D2802 /* MyProfileViewController.swift */,
			);
			path = View;
			sourceTree = "<group>";
		};
		3AF046D72671E80300807E40 /* Model */ = {
			isa = PBXGroup;
			children = (
				3AF046D82671E81500807E40 /* Attendance.swift */,
				3AAEF3962672FD7D0006E6FE /* Emotion.swift */,
				3A8A1DC22677215B003E4B99 /* VideoInformation.swift */,
				3A8A1DC62677227D003E4B99 /* Worship.swift */,
				3AB6E67A26957BC2000866C8 /* Gender.swift */,
			);
			path = Model;
			sourceTree = "<group>";
		};
		3AF4525D267B349C00BEBA5F /* Login */ = {
			isa = PBXGroup;
			children = (
				3AF6F9432681BBBD00027D8E /* Coordinator */,
				3AF4525E267B349C00BEBA5F /* ViewModel */,
				3AF45260267B349C00BEBA5F /* View */,
			);
			path = Login;
			sourceTree = "<group>";
		};
		3AF4525E267B349C00BEBA5F /* ViewModel */ = {
			isa = PBXGroup;
			children = (
				3AF4525F267B349C00BEBA5F /* LoginViewModel.swift */,
			);
			path = ViewModel;
			sourceTree = "<group>";
		};
		3AF45260267B349C00BEBA5F /* View */ = {
			isa = PBXGroup;
			children = (
				3AF45263267B349C00BEBA5F /* LoginViewController.swift */,
				3AF45262267B349C00BEBA5F /* LoginView.swift */,
				3AF45261267B349C00BEBA5F /* LoginView+Extension.swift */,
			);
			path = View;
			sourceTree = "<group>";
		};
		3AF6F9432681BBBD00027D8E /* Coordinator */ = {
			isa = PBXGroup;
			children = (
				3AF6F9462681BCD300027D8E /* LoginCoordinator.swift */,
			);
			path = Coordinator;
			sourceTree = "<group>";
		};
		C2A5C369704D4EC28A45831C /* Pods */ = {
			isa = PBXGroup;
			children = (
				1967BB7E54ADD107606C370B /* Pods-holyland.ios.debug.xcconfig */,
				8DE80D81A1F73C0B1F7159C6 /* Pods-holyland.ios.release.xcconfig */,
			);
			path = Pods;
			sourceTree = "<group>";
		};
		C5955964DD2D76C056278A4F /* Frameworks */ = {
			isa = PBXGroup;
			children = (
				34BF094B9F9FFAF4DC721709 /* Pods_holyland_ios.framework */,
			);
			name = Frameworks;
			sourceTree = "<group>";
		};
/* End PBXGroup section */

/* Begin PBXNativeTarget section */
		3A53D3762665F79E00A570C1 /* holyland.ios */ = {
			isa = PBXNativeTarget;
			buildConfigurationList = 3A53D38B2665F79F00A570C1 /* Build configuration list for PBXNativeTarget "holyland.ios" */;
			buildPhases = (
				393C56CE7EC23E3D53302FA6 /* [CP] Check Pods Manifest.lock */,
				3A8963892665FC640009E9D1 /* SwiftGen Script */,
				3A42C8F526817B6E0075AAEE /* SwiftLint Script */,
				3A53D3732665F79E00A570C1 /* Sources */,
				3A53D3742665F79E00A570C1 /* Frameworks */,
				3A53D3752665F79E00A570C1 /* Resources */,
				63C1C043BCA7F4B91FDF5F0B /* [CP] Embed Pods Frameworks */,
			);
			buildRules = (
			);
			dependencies = (
			);
			name = holyland.ios;
			productName = holyland.ios;
			productReference = 3A53D3772665F79E00A570C1 /* holyland.ios.app */;
			productType = "com.apple.product-type.application";
		};
/* End PBXNativeTarget section */

/* Begin PBXProject section */
		3A53D36F2665F79E00A570C1 /* Project object */ = {
			isa = PBXProject;
			attributes = {
				LastSwiftUpdateCheck = 1250;
				LastUpgradeCheck = 1250;
				TargetAttributes = {
					3A53D3762665F79E00A570C1 = {
						CreatedOnToolsVersion = 12.5;
					};
				};
			};
			buildConfigurationList = 3A53D3722665F79E00A570C1 /* Build configuration list for PBXProject "holyland.ios" */;
			compatibilityVersion = "Xcode 9.3";
			developmentRegion = en;
			hasScannedForEncodings = 0;
			knownRegions = (
				en,
				Base,
			);
			mainGroup = 3A53D36E2665F79E00A570C1;
			productRefGroup = 3A53D3782665F79E00A570C1 /* Products */;
			projectDirPath = "";
			projectRoot = "";
			targets = (
				3A53D3762665F79E00A570C1 /* holyland.ios */,
			);
		};
/* End PBXProject section */

/* Begin PBXResourcesBuildPhase section */
		3A53D3752665F79E00A570C1 /* Resources */ = {
			isa = PBXResourcesBuildPhase;
			buildActionMask = 2147483647;
			files = (
				3A42C8F726817BFC0075AAEE /* .swiftlint.yml in Resources */,
				3AAEF3D0267305BC0006E6FE /* VideoCollectionViewCell.xib in Resources */,
				3AAEF37F2672F51F0006E6FE /* amen_sound.mp3 in Resources */,
				3AAEF3892672F56C0006E6FE /* SpoqaHanSansBold.ttf in Resources */,
				3AAEF3802672F51F0006E6FE /* Assets.xcassets in Resources */,
				3AAEF3882672F56C0006E6FE /* JalnanOTF.otf in Resources */,
				3AAEF38B2672F56C0006E6FE /* NanumSquareRoundOTFEB.otf in Resources */,
				3AAEF3812672F51F0006E6FE /* Color.xcassets in Resources */,
				3AAEF37E2672F5130006E6FE /* confettie_x3_1080_24f.gif in Resources */,
				3AAEF38C2672F56C0006E6FE /* NanumSquareRoundOTFB.otf in Resources */,
				3AAEF37D2672F50C0006E6FE /* swiftgen.yml in Resources */,
				3AAEF38A2672F56C0006E6FE /* SpoqaHanSansRegular.ttf in Resources */,
			);
			runOnlyForDeploymentPostprocessing = 0;
		};
/* End PBXResourcesBuildPhase section */

/* Begin PBXShellScriptBuildPhase section */
		393C56CE7EC23E3D53302FA6 /* [CP] Check Pods Manifest.lock */ = {
			isa = PBXShellScriptBuildPhase;
			buildActionMask = 2147483647;
			files = (
			);
			inputFileListPaths = (
			);
			inputPaths = (
				"${PODS_PODFILE_DIR_PATH}/Podfile.lock",
				"${PODS_ROOT}/Manifest.lock",
			);
			name = "[CP] Check Pods Manifest.lock";
			outputFileListPaths = (
			);
			outputPaths = (
				"$(DERIVED_FILE_DIR)/Pods-holyland.ios-checkManifestLockResult.txt",
			);
			runOnlyForDeploymentPostprocessing = 0;
			shellPath = /bin/sh;
			shellScript = "diff \"${PODS_PODFILE_DIR_PATH}/Podfile.lock\" \"${PODS_ROOT}/Manifest.lock\" > /dev/null\nif [ $? != 0 ] ; then\n    # print error to STDERR\n    echo \"error: The sandbox is not in sync with the Podfile.lock. Run 'pod install' or update your CocoaPods installation.\" >&2\n    exit 1\nfi\n# This output is used by Xcode 'outputs' to avoid re-running this script phase.\necho \"SUCCESS\" > \"${SCRIPT_OUTPUT_FILE_0}\"\n";
			showEnvVarsInLog = 0;
		};
		3A42C8F526817B6E0075AAEE /* SwiftLint Script */ = {
			isa = PBXShellScriptBuildPhase;
			buildActionMask = 2147483647;
			files = (
			);
			inputFileListPaths = (
			);
			inputPaths = (
			);
			name = "SwiftLint Script";
			outputFileListPaths = (
			);
			outputPaths = (
			);
			runOnlyForDeploymentPostprocessing = 0;
			shellPath = /bin/sh;
			shellScript = "\"${PODS_ROOT}/SwiftLint/swiftlint\"\n";
		};
		3A8963892665FC640009E9D1 /* SwiftGen Script */ = {
			isa = PBXShellScriptBuildPhase;
			buildActionMask = 2147483647;
			files = (
			);
			inputFileListPaths = (
			);
			inputPaths = (
			);
			name = "SwiftGen Script";
			outputFileListPaths = (
			);
			outputPaths = (
			);
			runOnlyForDeploymentPostprocessing = 0;
			shellPath = /bin/sh;
			shellScript = "\"${PODS_ROOT}/SwiftGen/bin/swiftgen\"\n";
		};
		63C1C043BCA7F4B91FDF5F0B /* [CP] Embed Pods Frameworks */ = {
			isa = PBXShellScriptBuildPhase;
			buildActionMask = 2147483647;
			files = (
			);
			inputFileListPaths = (
				"${PODS_ROOT}/Target Support Files/Pods-holyland.ios/Pods-holyland.ios-frameworks-${CONFIGURATION}-input-files.xcfilelist",
			);
			name = "[CP] Embed Pods Frameworks";
			outputFileListPaths = (
				"${PODS_ROOT}/Target Support Files/Pods-holyland.ios/Pods-holyland.ios-frameworks-${CONFIGURATION}-output-files.xcfilelist",
			);
			runOnlyForDeploymentPostprocessing = 0;
			shellPath = /bin/sh;
			shellScript = "\"${PODS_ROOT}/Target Support Files/Pods-holyland.ios/Pods-holyland.ios-frameworks.sh\"\n";
			showEnvVarsInLog = 0;
		};
/* End PBXShellScriptBuildPhase section */

/* Begin PBXSourcesBuildPhase section */
		3A53D3732665F79E00A570C1 /* Sources */ = {
			isa = PBXSourcesBuildPhase;
			buildActionMask = 2147483647;
			files = (
				3A92D5E926967D1A00B36C06 /* GoldKeyEntity.swift in Sources */,
				3A666F6C26944BFB0069262B /* MainView.swift in Sources */,
				3AF45264267B349C00BEBA5F /* LoginViewModel.swift in Sources */,
				3AF45267267B349C00BEBA5F /* LoginViewController.swift in Sources */,
				3AF046D92671E81500807E40 /* Attendance.swift in Sources */,
				3AF4525A267B20FF00BEBA5F /* Realm+.swift in Sources */,
				3AF6F9472681BCD300027D8E /* LoginCoordinator.swift in Sources */,
				3AB6E67326956232000866C8 /* APIRouteable.swift in Sources */,
				3AAEF38E2672F5DA0006E6FE /* MainView+Extension.swift in Sources */,
				3AB6E67526956242000866C8 /* AlamofireAPIRouteable.swift in Sources */,
				3AF45235267B1D8600BEBA5F /* UserDefaultHelper.swift in Sources */,
				3A866D58268F021200778BBF /* MyPageViewModel.swift in Sources */,
				3A92D5ED269681CC00B36C06 /* GoldKeyDataSource.swift in Sources */,
				3A866D56268ECDDE00778BBF /* QRPageViewModel.swift in Sources */,
				3AB6E65826954DAE000866C8 /* UserRepositoryImpl.swift in Sources */,
				3AF6F9452681BC1800027D8E /* AppCoordinator.swift in Sources */,
				3AB6E67F269583E3000866C8 /* AppBarNetworkService.swift in Sources */,
				3AB13960267C2E5F0021BEC9 /* RoundedButton.swift in Sources */,
				3AF45266267B349C00BEBA5F /* LoginView.swift in Sources */,
				3AC29658266EFDB000A09BB6 /* BaseViewController.swift in Sources */,
				3A7C46DE2682C7BE002AD73C /* MainCoordinator.swift in Sources */,
				3AB6E66626954E8C000866C8 /* UserResponse.swift in Sources */,
				3AC75082269D2FF9002D2802 /* MyProfileViewModel.swift in Sources */,
				3A92D5EB269681A900B36C06 /* GoldKeyRepositoryImpl.swift in Sources */,
				3AAEF3CE267305B10006E6FE /* VideoCollectionView.swift in Sources */,
				3A866D4C268EADC700778BBF /* MyPageCoordinator.swift in Sources */,
				3A7CAA39266EDFDE0048E41F /* XCAssets+Generated.swift in Sources */,
				3AB6E67B26957BC2000866C8 /* Gender.swift in Sources */,
				3A7CAA38266EDFDE0048E41F /* Fonts+Generated.swift in Sources */,
				3A8A1DC32677215B003E4B99 /* VideoInformation.swift in Sources */,
				3AB6E65026954C09000866C8 /* Entity.swift in Sources */,
				3A53D37F2665F79E00A570C1 /* MainViewController.swift in Sources */,
				3AB6E6712695621C000866C8 /* NetworkService.swift in Sources */,
				3AB13962267C2E980021BEC9 /* UITextField+.swift in Sources */,
				3A666F68269423730069262B /* VideoCollectionViewCell.swift in Sources */,
				3A8A1DBF267710F3003E4B99 /* FullScreenToastView.swift in Sources */,
				3A866D54268EB5EA00778BBF /* QRPageViewController.swift in Sources */,
				3A53D37B2665F79E00A570C1 /* AppDelegate.swift in Sources */,
				3AB6E66826954EB1000866C8 /* StorableUser.swift in Sources */,
				3AF4525C267B213200BEBA5F /* ObservableType+.swift in Sources */,
				3AAEF3902672F7D30006E6FE /* UserProfileView.swift in Sources */,
				3AB6E65F26954E2B000866C8 /* UserLocalStorage.swift in Sources */,
				3AC2965A266EFDD700A09BB6 /* Constant.swift in Sources */,
				3AB6E66D26956099000866C8 /* AccessTokenStorage.swift in Sources */,
				3AB6E67726956258000866C8 /* UserAPIRouter.swift in Sources */,
				3A9CDDB2268DBB5600C302BC /* MyPageViewController.swift in Sources */,
				3A8A1DBB26770816003E4B99 /* ToastView.swift in Sources */,
				3AB6E66126954E48000866C8 /* UserDataSource.swift in Sources */,
				3AB6E65D26954E0A000866C8 /* RealmStorageProtocol.swift in Sources */,
				3A92D5EF2696980900B36C06 /* GoldKeyRouter.swift in Sources */,
				3A8A1DC126771929003E4B99 /* Date+.swift in Sources */,
				3AB6E64D26954875000866C8 /* UserRepository.swift in Sources */,
				3A8A1DC72677227D003E4B99 /* Worship.swift in Sources */,
				3AAEF39E267302530006E6FE /* UIApplication+.swift in Sources */,
				3AB6E66F2695620D000866C8 /* UserNetworkService.swift in Sources */,
				3AAEF3992672FE210006E6FE /* UIView+.swift in Sources */,
				3AC5ED572689433600DB83F1 /* ViewModelType.swift in Sources */,
				3AC2966B266F121B00A09BB6 /* MainViewModel.swift in Sources */,
				3AB6E67926957377000866C8 /* UserViewModel.swift in Sources */,
				3AB6E67D269582F0000866C8 /* AppBarUIRouter.swift in Sources */,
				3A8A1DA52676E1EA003E4B99 /* NetworkStatus.swift in Sources */,
				3A666F6A269425DD0069262B /* VideoListViewModel.swift in Sources */,
				3A92D5E726967C4A00B36C06 /* GoldKeyResponse.swift in Sources */,
				3AAEF3932672FD210006E6FE /* User+.swift in Sources */,
				3A92D5F126969A0000B36C06 /* GoldKeyNetworkService.swift in Sources */,
				3AC75085269D3010002D2802 /* MyProfileViewController.swift in Sources */,
				3A60766526981FBC00435C86 /* GoldKeyViewModel.swift in Sources */,
				3AF45258267B1FE600BEBA5F /* AppDelegate+Swinject.swift in Sources */,
				3A8A1DB62676FA83003E4B99 /* TitleMessageAlertView.swift in Sources */,
				3AC7507F269D2FC7002D2802 /* MyProfileCoordinator.swift in Sources */,
				3A8A1DAC2676F2E6003E4B99 /* ForgetAlertView.swift in Sources */,
				3A8A1DB82676FAAF003E4B99 /* ChildQRCodeAlertView.swift in Sources */,
				3AF45265267B349C00BEBA5F /* LoginView+Extension.swift in Sources */,
				3AB6E65526954D6B000866C8 /* UserMapper.swift in Sources */,
				3AAEF3972672FD7D0006E6FE /* Emotion.swift in Sources */,
				3A8A1DAE2676F59C003E4B99 /* OkayCancelAlertView.swift in Sources */,
				3A8A1DBD267710CE003E4B99 /* UserLevelUpToastView.swift in Sources */,
				3A8A1DB02676F5FE003E4B99 /* OneTitleAlertView.swift in Sources */,
				3A8A1DA82676E5FE003E4B99 /* AlertType.swift in Sources */,
				3AF6F9492681BDD900027D8E /* BaseCoordinator.swift in Sources */,
				3A8A1DB22676F66A003E4B99 /* VideoAttendanceAlertView.swift in Sources */,
				3A866D52268EB5A300778BBF /* QRPageCoordinator.swift in Sources */,
				3A92D5E526967BEC00B36C06 /* GoldKeyRepository.swift in Sources */,
				3AB6E65226954C3A000866C8 /* UserEntity.swift in Sources */,
				3A8A1DAA2676E77A003E4B99 /* AlertView.swift in Sources */,
			);
			runOnlyForDeploymentPostprocessing = 0;
		};
/* End PBXSourcesBuildPhase section */

/* Begin PBXVariantGroup section */
		3A53D3852665F79F00A570C1 /* LaunchScreen.storyboard */ = {
			isa = PBXVariantGroup;
			children = (
				3A53D3862665F79F00A570C1 /* Base */,
			);
			name = LaunchScreen.storyboard;
			sourceTree = "<group>";
		};
/* End PBXVariantGroup section */

/* Begin XCBuildConfiguration section */
		3A53D3892665F79F00A570C1 /* Debug */ = {
			isa = XCBuildConfiguration;
			buildSettings = {
				ALWAYS_SEARCH_USER_PATHS = NO;
				CLANG_ANALYZER_NONNULL = YES;
				CLANG_ANALYZER_NUMBER_OBJECT_CONVERSION = YES_AGGRESSIVE;
				CLANG_CXX_LANGUAGE_STANDARD = "gnu++14";
				CLANG_CXX_LIBRARY = "libc++";
				CLANG_ENABLE_MODULES = YES;
				CLANG_ENABLE_OBJC_ARC = YES;
				CLANG_ENABLE_OBJC_WEAK = YES;
				CLANG_WARN_BLOCK_CAPTURE_AUTORELEASING = YES;
				CLANG_WARN_BOOL_CONVERSION = YES;
				CLANG_WARN_COMMA = YES;
				CLANG_WARN_CONSTANT_CONVERSION = YES;
				CLANG_WARN_DEPRECATED_OBJC_IMPLEMENTATIONS = YES;
				CLANG_WARN_DIRECT_OBJC_ISA_USAGE = YES_ERROR;
				CLANG_WARN_DOCUMENTATION_COMMENTS = YES;
				CLANG_WARN_EMPTY_BODY = YES;
				CLANG_WARN_ENUM_CONVERSION = YES;
				CLANG_WARN_INFINITE_RECURSION = YES;
				CLANG_WARN_INT_CONVERSION = YES;
				CLANG_WARN_NON_LITERAL_NULL_CONVERSION = YES;
				CLANG_WARN_OBJC_IMPLICIT_RETAIN_SELF = YES;
				CLANG_WARN_OBJC_LITERAL_CONVERSION = YES;
				CLANG_WARN_OBJC_ROOT_CLASS = YES_ERROR;
				CLANG_WARN_QUOTED_INCLUDE_IN_FRAMEWORK_HEADER = YES;
				CLANG_WARN_RANGE_LOOP_ANALYSIS = YES;
				CLANG_WARN_STRICT_PROTOTYPES = YES;
				CLANG_WARN_SUSPICIOUS_MOVE = YES;
				CLANG_WARN_UNGUARDED_AVAILABILITY = YES_AGGRESSIVE;
				CLANG_WARN_UNREACHABLE_CODE = YES;
				CLANG_WARN__DUPLICATE_METHOD_MATCH = YES;
				COPY_PHASE_STRIP = NO;
				DEBUG_INFORMATION_FORMAT = dwarf;
				ENABLE_STRICT_OBJC_MSGSEND = YES;
				ENABLE_TESTABILITY = YES;
				GCC_C_LANGUAGE_STANDARD = gnu11;
				GCC_DYNAMIC_NO_PIC = NO;
				GCC_NO_COMMON_BLOCKS = YES;
				GCC_OPTIMIZATION_LEVEL = 0;
				GCC_PREPROCESSOR_DEFINITIONS = (
					"DEBUG=1",
					"$(inherited)",
				);
				GCC_WARN_64_TO_32_BIT_CONVERSION = YES;
				GCC_WARN_ABOUT_RETURN_TYPE = YES_ERROR;
				GCC_WARN_UNDECLARED_SELECTOR = YES;
				GCC_WARN_UNINITIALIZED_AUTOS = YES_AGGRESSIVE;
				GCC_WARN_UNUSED_FUNCTION = YES;
				GCC_WARN_UNUSED_VARIABLE = YES;
				IPHONEOS_DEPLOYMENT_TARGET = 12.0;
				MTL_ENABLE_DEBUG_INFO = INCLUDE_SOURCE;
				MTL_FAST_MATH = YES;
				ONLY_ACTIVE_ARCH = YES;
				OTHER_LDFLAGS = "-all_load";
				SDKROOT = iphoneos;
				SWIFT_ACTIVE_COMPILATION_CONDITIONS = DEBUG;
				SWIFT_OPTIMIZATION_LEVEL = "-Onone";
			};
			name = Debug;
		};
		3A53D38A2665F79F00A570C1 /* Release */ = {
			isa = XCBuildConfiguration;
			buildSettings = {
				ALWAYS_SEARCH_USER_PATHS = NO;
				CLANG_ANALYZER_NONNULL = YES;
				CLANG_ANALYZER_NUMBER_OBJECT_CONVERSION = YES_AGGRESSIVE;
				CLANG_CXX_LANGUAGE_STANDARD = "gnu++14";
				CLANG_CXX_LIBRARY = "libc++";
				CLANG_ENABLE_MODULES = YES;
				CLANG_ENABLE_OBJC_ARC = YES;
				CLANG_ENABLE_OBJC_WEAK = YES;
				CLANG_WARN_BLOCK_CAPTURE_AUTORELEASING = YES;
				CLANG_WARN_BOOL_CONVERSION = YES;
				CLANG_WARN_COMMA = YES;
				CLANG_WARN_CONSTANT_CONVERSION = YES;
				CLANG_WARN_DEPRECATED_OBJC_IMPLEMENTATIONS = YES;
				CLANG_WARN_DIRECT_OBJC_ISA_USAGE = YES_ERROR;
				CLANG_WARN_DOCUMENTATION_COMMENTS = YES;
				CLANG_WARN_EMPTY_BODY = YES;
				CLANG_WARN_ENUM_CONVERSION = YES;
				CLANG_WARN_INFINITE_RECURSION = YES;
				CLANG_WARN_INT_CONVERSION = YES;
				CLANG_WARN_NON_LITERAL_NULL_CONVERSION = YES;
				CLANG_WARN_OBJC_IMPLICIT_RETAIN_SELF = YES;
				CLANG_WARN_OBJC_LITERAL_CONVERSION = YES;
				CLANG_WARN_OBJC_ROOT_CLASS = YES_ERROR;
				CLANG_WARN_QUOTED_INCLUDE_IN_FRAMEWORK_HEADER = YES;
				CLANG_WARN_RANGE_LOOP_ANALYSIS = YES;
				CLANG_WARN_STRICT_PROTOTYPES = YES;
				CLANG_WARN_SUSPICIOUS_MOVE = YES;
				CLANG_WARN_UNGUARDED_AVAILABILITY = YES_AGGRESSIVE;
				CLANG_WARN_UNREACHABLE_CODE = YES;
				CLANG_WARN__DUPLICATE_METHOD_MATCH = YES;
				COPY_PHASE_STRIP = NO;
				DEBUG_INFORMATION_FORMAT = "dwarf-with-dsym";
				ENABLE_NS_ASSERTIONS = NO;
				ENABLE_STRICT_OBJC_MSGSEND = YES;
				GCC_C_LANGUAGE_STANDARD = gnu11;
				GCC_NO_COMMON_BLOCKS = YES;
				GCC_WARN_64_TO_32_BIT_CONVERSION = YES;
				GCC_WARN_ABOUT_RETURN_TYPE = YES_ERROR;
				GCC_WARN_UNDECLARED_SELECTOR = YES;
				GCC_WARN_UNINITIALIZED_AUTOS = YES_AGGRESSIVE;
				GCC_WARN_UNUSED_FUNCTION = YES;
				GCC_WARN_UNUSED_VARIABLE = YES;
				IPHONEOS_DEPLOYMENT_TARGET = 12.0;
				MTL_ENABLE_DEBUG_INFO = NO;
				MTL_FAST_MATH = YES;
				OTHER_LDFLAGS = "-all_load";
				SDKROOT = iphoneos;
				SWIFT_COMPILATION_MODE = wholemodule;
				SWIFT_OPTIMIZATION_LEVEL = "-O";
				VALIDATE_PRODUCT = YES;
			};
			name = Release;
		};
		3A53D38C2665F79F00A570C1 /* Debug */ = {
			isa = XCBuildConfiguration;
			baseConfigurationReference = 1967BB7E54ADD107606C370B /* Pods-holyland.ios.debug.xcconfig */;
			buildSettings = {
				ASSETCATALOG_COMPILER_APPICON_NAME = AppIcon;
				ASSETCATALOG_COMPILER_GLOBAL_ACCENT_COLOR_NAME = AccentColor;
				CODE_SIGN_STYLE = Automatic;
				CURRENT_PROJECT_VERSION = 1;
				DEVELOPMENT_TEAM = 85MSFH34YK;
				INFOPLIST_FILE = holyland.ios/Info.plist;
				IPHONEOS_DEPLOYMENT_TARGET = 12.0;
				LD_RUNPATH_SEARCH_PATHS = (
					"$(inherited)",
					"@executable_path/Frameworks",
				);
				MARKETING_VERSION = 1.0.0;
				NEW_SETTING = "";
				PRODUCT_BUNDLE_IDENTIFIER = org.rebuild.ios.apps.holyland;
				PRODUCT_NAME = "$(TARGET_NAME)";
				SWIFT_VERSION = 5.0;
				TARGETED_DEVICE_FAMILY = "1,2";
			};
			name = Debug;
		};
		3A53D38D2665F79F00A570C1 /* Release */ = {
			isa = XCBuildConfiguration;
			baseConfigurationReference = 8DE80D81A1F73C0B1F7159C6 /* Pods-holyland.ios.release.xcconfig */;
			buildSettings = {
				ASSETCATALOG_COMPILER_APPICON_NAME = AppIcon;
				ASSETCATALOG_COMPILER_GLOBAL_ACCENT_COLOR_NAME = AccentColor;
				CODE_SIGN_STYLE = Automatic;
				CURRENT_PROJECT_VERSION = 1;
				DEVELOPMENT_TEAM = 85MSFH34YK;
				INFOPLIST_FILE = holyland.ios/Info.plist;
				IPHONEOS_DEPLOYMENT_TARGET = 12.0;
				LD_RUNPATH_SEARCH_PATHS = (
					"$(inherited)",
					"@executable_path/Frameworks",
				);
				MARKETING_VERSION = 1.0.0;
				NEW_SETTING = "";
				PRODUCT_BUNDLE_IDENTIFIER = org.rebuild.ios.apps.holyland;
				PRODUCT_NAME = "$(TARGET_NAME)";
				SWIFT_VERSION = 5.0;
				TARGETED_DEVICE_FAMILY = "1,2";
			};
			name = Release;
		};
/* End XCBuildConfiguration section */

/* Begin XCConfigurationList section */
		3A53D3722665F79E00A570C1 /* Build configuration list for PBXProject "holyland.ios" */ = {
			isa = XCConfigurationList;
			buildConfigurations = (
				3A53D3892665F79F00A570C1 /* Debug */,
				3A53D38A2665F79F00A570C1 /* Release */,
			);
			defaultConfigurationIsVisible = 0;
			defaultConfigurationName = Release;
		};
		3A53D38B2665F79F00A570C1 /* Build configuration list for PBXNativeTarget "holyland.ios" */ = {
			isa = XCConfigurationList;
			buildConfigurations = (
				3A53D38C2665F79F00A570C1 /* Debug */,
				3A53D38D2665F79F00A570C1 /* Release */,
			);
			defaultConfigurationIsVisible = 0;
			defaultConfigurationName = Release;
		};
/* End XCConfigurationList section */
	};
	rootObject = 3A53D36F2665F79E00A570C1 /* Project object */;
}
